// !$*UTF8*$!
{
	archiveVersion = 1;
	classes = {
	};
	objectVersion = 46;
	objects = {

/* Begin PBXBuildFile section */
		504FCAAD15FDFE72009E4BD4 /* UIKit.framework in Frameworks */ = {isa = PBXBuildFile; fileRef = 504FCAAC15FDFE72009E4BD4 /* UIKit.framework */; };
		504FCAAF15FDFE72009E4BD4 /* Foundation.framework in Frameworks */ = {isa = PBXBuildFile; fileRef = 504FCAAE15FDFE72009E4BD4 /* Foundation.framework */; };
		504FCAB115FDFE72009E4BD4 /* CoreGraphics.framework in Frameworks */ = {isa = PBXBuildFile; fileRef = 504FCAB015FDFE72009E4BD4 /* CoreGraphics.framework */; };
		504FCAB715FDFE72009E4BD4 /* InfoPlist.strings in Resources */ = {isa = PBXBuildFile; fileRef = 504FCAB515FDFE72009E4BD4 /* InfoPlist.strings */; };
		504FCAB915FDFE72009E4BD4 /* main.m in Sources */ = {isa = PBXBuildFile; fileRef = 504FCAB815FDFE72009E4BD4 /* main.m */; };
		504FCABD15FDFE72009E4BD4 /* UMAppDelegate.m in Sources */ = {isa = PBXBuildFile; fileRef = 504FCABC15FDFE72009E4BD4 /* UMAppDelegate.m */; };
/* End PBXBuildFile section */

/* Begin PBXFileReference section */
		504FCAA815FDFE72009E4BD4 /* DateUtilityTest.app */ = {isa = PBXFileReference; explicitFileType = wrapper.application; includeInIndex = 0; path = DateUtilityTest.app; sourceTree = BUILT_PRODUCTS_DIR; };
		504FCAAC15FDFE72009E4BD4 /* UIKit.framework */ = {isa = PBXFileReference; lastKnownFileType = wrapper.framework; name = UIKit.framework; path = System/Library/Frameworks/UIKit.framework; sourceTree = SDKROOT; };
		504FCAAE15FDFE72009E4BD4 /* Foundation.framework */ = {isa = PBXFileReference; lastKnownFileType = wrapper.framework; name = Foundation.framework; path = System/Library/Frameworks/Foundation.framework; sourceTree = SDKROOT; };
		504FCAB015FDFE72009E4BD4 /* CoreGraphics.framework */ = {isa = PBXFileReference; lastKnownFileType = wrapper.framework; name = CoreGraphics.framework; path = System/Library/Frameworks/CoreGraphics.framework; sourceTree = SDKROOT; };
		504FCAB415FDFE72009E4BD4 /* DateUtilityTest-Info.plist */ = {isa = PBXFileReference; path = "DateUtilityTest-Info.plist"; sourceTree = "<group>"; };
		504FCAB615FDFE72009E4BD4 /* en */ = {isa = PBXFileReference; lastKnownFileType = text.plist.strings; name = en; path = en.lproj/InfoPlist.strings; sourceTree = "<group>"; };
		504FCAB815FDFE72009E4BD4 /* main.m */ = {isa = PBXFileReference; lastKnownFileType = sourcecode.c.objc; path = main.m; sourceTree = "<group>"; };
		504FCABA15FDFE72009E4BD4 /* DateUtilityTest-Prefix.pch */ = {isa = PBXFileReference; path = "DateUtilityTest-Prefix.pch"; sourceTree = "<group>"; };
		504FCABB15FDFE72009E4BD4 /* UMAppDelegate.h */ = {isa = PBXFileReference; path = UMAppDelegate.h; sourceTree = "<group>"; };
		504FCABC15FDFE72009E4BD4 /* UMAppDelegate.m */ = {isa = PBXFileReference; lastKnownFileType = sourcecode.c.objc; path = UMAppDelegate.m; sourceTree = "<group>"; };
/* End PBXFileReference section */

/* Begin PBXFrameworksBuildPhase section */
		504FCAA515FDFE72009E4BD4 /* Frameworks */ = {
			isa = PBXFrameworksBuildPhase;
			buildActionMask = 2147483647;
			files = (
				504FCAAD15FDFE72009E4BD4 /* UIKit.framework in Frameworks */,
				504FCAAF15FDFE72009E4BD4 /* Foundation.framework in Frameworks */,
				504FCAB115FDFE72009E4BD4 /* CoreGraphics.framework in Frameworks */,
			);
			runOnlyForDeploymentPostprocessing = 0;
		};
/* End PBXFrameworksBuildPhase section */

/* Begin PBXGroup section */
		504FCA9D15FDFE72009E4BD4 = {
			isa = PBXGroup;
			children = (
				504FCAB215FDFE72009E4BD4 /* DateUtilityTest */,
				504FCAAB15FDFE72009E4BD4 /* Frameworks */,
				504FCAA915FDFE72009E4BD4 /* Products */,
			);
			sourceTree = "<group>";
		};
		504FCAA915FDFE72009E4BD4 /* Products */ = {
			isa = PBXGroup;
			children = (
				504FCAA815FDFE72009E4BD4 /* DateUtilityTest.app */,
			);
			name = Products;
			sourceTree = "<group>";
		};
		504FCAAB15FDFE72009E4BD4 /* Frameworks */ = {
			isa = PBXGroup;
			children = (
				504FCAAC15FDFE72009E4BD4 /* UIKit.framework */,
				504FCAAE15FDFE72009E4BD4 /* Foundation.framework */,
				504FCAB015FDFE72009E4BD4 /* CoreGraphics.framework */,
			);
			name = Frameworks;
			sourceTree = "<group>";
		};
		504FCAB215FDFE72009E4BD4 /* DateUtilityTest */ = {
			isa = PBXGroup;
			children = (
				504FCABB15FDFE72009E4BD4 /* UMAppDelegate.h */,
				504FCABC15FDFE72009E4BD4 /* UMAppDelegate.m */,
				504FCAB315FDFE72009E4BD4 /* Supporting Files */,
			);
			path = DateUtilityTest;
			sourceTree = "<group>";
		};
		504FCAB315FDFE72009E4BD4 /* Supporting Files */ = {
			isa = PBXGroup;
			children = (
				504FCAB415FDFE72009E4BD4 /* DateUtilityTest-Info.plist */,
				504FCAB515FDFE72009E4BD4 /* InfoPlist.strings */,
				504FCAB815FDFE72009E4BD4 /* main.m */,
				504FCABA15FDFE72009E4BD4 /* DateUtilityTest-Prefix.pch */,
			);
			name = "Supporting Files";
			sourceTree = "<group>";
		};
/* End PBXGroup section */

/* Begin PBXNativeTarget section */
		504FCAA715FDFE72009E4BD4 /* DateUtilityTest */ = {
			isa = PBXNativeTarget;
			buildConfigurationList = 504FCAC015FDFE72009E4BD4 /* Build configuration list for PBXNativeTarget "DateUtilityTest" */;
			buildPhases = (
				504FCAA415FDFE72009E4BD4 /* Sources */,
				504FCAA515FDFE72009E4BD4 /* Frameworks */,
				504FCAA615FDFE72009E4BD4 /* Resources */,
			);
			buildRules = (
			);
			dependencies = (
			);
			name = DateUtilityTest;
			productName = DateUtilityTest;
			productReference = 504FCAA815FDFE72009E4BD4 /* DateUtilityTest.app */;
			productType = "com.apple.product-type.application";
		};
/* End PBXNativeTarget section */

/* Begin PBXProject section */
		504FCA9F15FDFE72009E4BD4 /* Project object */ = {
			isa = PBXProject;
			attributes = {
				LastUpgradeCheck = 0420;
			};
			buildConfigurationList = 504FCAA215FDFE72009E4BD4 /* Build configuration list for PBXProject "DateUtilityTest" */;
			compatibilityVersion = "Xcode 3.2";
			developmentRegion = English;
			hasScannedForEncodings = 0;
			knownRegions = (
				en,
			);
			mainGroup = 504FCA9D15FDFE72009E4BD4;
			productRefGroup = 504FCAA915FDFE72009E4BD4 /* Products */;
			projectDirPath = "";
			projectRoot = "";
			targets = (
				504FCAA715FDFE72009E4BD4 /* DateUtilityTest */,
			);
		};
/* End PBXProject section */

/* Begin PBXResourcesBuildPhase section */
		504FCAA615FDFE72009E4BD4 /* Resources */ = {
			isa = PBXResourcesBuildPhase;
			buildActionMask = 2147483647;
			files = (
				504FCAB715FDFE72009E4BD4 /* InfoPlist.strings in Resources */,
			);
			runOnlyForDeploymentPostprocessing = 0;
		};
/* End PBXResourcesBuildPhase section */

/* Begin PBXSourcesBuildPhase section */
		504FCAA415FDFE72009E4BD4 /* Sources */ = {
			isa = PBXSourcesBuildPhase;
			buildActionMask = 2147483647;
			files = (
				504FCAB915FDFE72009E4BD4 /* main.m in Sources */,
				504FCABD15FDFE72009E4BD4 /* UMAppDelegate.m in Sources */,
			);
			runOnlyForDeploymentPostprocessing = 0;
		};
/* End PBXSourcesBuildPhase section */

/* Begin PBXVariantGroup section */
		504FCAB515FDFE72009E4BD4 /* InfoPlist.strings */ = {
			isa = PBXVariantGroup;
			children = (
				504FCAB615FDFE72009E4BD4 /* en */,
			);
			name = InfoPlist.strings;
			sourceTree = "<group>";
		};
/* End PBXVariantGroup section */

/* Begin XCBuildConfiguration section */
		504FCABE15FDFE72009E4BD4 /* Debug */ = {
			isa = XCBuildConfiguration;
			buildSettings = {
				ALWAYS_SEARCH_USER_PATHS = NO;
				ARCHS = "$(ARCHS_STANDARD_32_BIT)";
				"CODE_SIGN_IDENTITY[sdk=iphoneos*]" = "iPhone Developer";
				COPY_PHASE_STRIP = NO;
				GCC_C_LANGUAGE_STANDARD = gnu99;
				GCC_DYNAMIC_NO_PIC = NO;
				GCC_OPTIMIZATION_LEVEL = 0;
				GCC_PREPROCESSOR_DEFINITIONS = (
					"DEBUG=1",
					"$(inherited)",
				);
				GCC_SYMBOLS_PRIVATE_EXTERN = NO;
				GCC_VERSION = com.apple.compilers.llvm.clang.1_0;
				GCC_WARN_ABOUT_MISSING_PROTOTYPES = YES;
				GCC_WARN_ABOUT_RETURN_TYPE = YES;
				GCC_WARN_UNUSED_VARIABLE = YES;
				IPHONEOS_DEPLOYMENT_TARGET = 5.0;
				SDKROOT = iphoneos;
			};
			name = Debug;
		};
		504FCABF15FDFE72009E4BD4 /* Release */ = {
			isa = XCBuildConfiguration;
			buildSettings = {
				ALWAYS_SEARCH_USER_PATHS = NO;
				ARCHS = "$(ARCHS_STANDARD_32_BIT)";
				"CODE_SIGN_IDENTITY[sdk=iphoneos*]" = "iPhone Developer";
				COPY_PHASE_STRIP = YES;
				GCC_C_LANGUAGE_STANDARD = gnu99;
				GCC_VERSION = com.apple.compilers.llvm.clang.1_0;
				GCC_WARN_ABOUT_MISSING_PROTOTYPES = YES;
				GCC_WARN_ABOUT_RETURN_TYPE = YES;
				GCC_WARN_UNUSED_VARIABLE = YES;
				IPHONEOS_DEPLOYMENT_TARGET = 5.0;
				OTHER_CFLAGS = "-DNS_BLOCK_ASSERTIONS=1";
				SDKROOT = iphoneos;
				VALIDATE_PRODUCT = YES;
			};
			name = Release;
		};
		504FCAC115FDFE72009E4BD4 /* Debug */ = {
			isa = XCBuildConfiguration;
			buildSettings = {
				GCC_PRECOMPILE_PREFIX_HEADER = YES;
				GCC_PREFIX_HEADER = "DateUtilityTest/DateUtilityTest-Prefix.pch";
				INFOPLIST_FILE = "DateUtilityTest/DateUtilityTest-Info.plist";
				PRODUCT_NAME = "$(TARGET_NAME)";
				WRAPPER_EXTENSION = app;
			};
			name = Debug;
		};
		504FCAC215FDFE72009E4BD4 /* Release */ = {
			isa = XCBuildConfiguration;
			buildSettings = {
				GCC_PRECOMPILE_PREFIX_HEADER = YES;
				GCC_PREFIX_HEADER = "DateUtilityTest/DateUtilityTest-Prefix.pch";
				INFOPLIST_FILE = "DateUtilityTest/DateUtilityTest-Info.plist";
				PRODUCT_NAME = "$(TARGET_NAME)";
				WRAPPER_EXTENSION = app;
			};
			name = Release;
		};
/* End XCBuildConfiguration section */

/* Begin XCConfigurationList section */
		504FCAA215FDFE72009E4BD4 /* Build configuration list for PBXProject "DateUtilityTest" */ = {
			isa = XCConfigurationList;
			buildConfigurations = (
				504FCABE15FDFE72009E4BD4 /* Debug */,
				504FCABF15FDFE72009E4BD4 /* Release */,
			);
			defaultConfigurationIsVisible = 0;
			defaultConfigurationName = Release;
		};
		504FCAC015FDFE72009E4BD4 /* Build configuration list for PBXNativeTarget "DateUtilityTest" */ = {
			isa = XCConfigurationList;
			buildConfigurations = (
				504FCAC115FDFE72009E4BD4 /* Debug */,
				504FCAC215FDFE72009E4BD4 /* Release */,
			);
			defaultConfigurationIsVisible = 0;
		};
/* End XCConfigurationList section */
	};
	rootObject = 504FCA9F15FDFE72009E4BD4 /* Project object */;
}
